
Microsoft Visual Studio Solution File, Format Version 12.00
# Visual Studio Version 16
VisualStudioVersion = 16.0.33027.164
MinimumVisualStudioVersion = 10.0.40219.1
Project("{FAE04EC0-301F-11D3-BF4B-00C04F79EFBC}") = "Ex04.Menus.Interfaces", "Ex04.Menus.Interfaces\Ex04.Menus.Interfaces.csproj", "{94ED62D8-747E-433B-A441-1A70DF4A6C68}"
EndProject
Project("{FAE04EC0-301F-11D3-BF4B-00C04F79EFBC}") = "Ex04.Menus.Events", "Ex04.Menus.Events\Ex04.Menus.Events.csproj", "{5F2B32C2-304D-4D71-AD51-E01126EBB02D}"
EndProject
Project("{FAE04EC0-301F-11D3-BF4B-00C04F79EFBC}") = "Ex04.Menus.Tests", "Ex04.Menus.Tests\Ex04.Menus.Tests.csproj", "{0432657E-FE37-4925-8269-B225929AC037}"
EndProject
Global
	GlobalSection(SolutionConfigurationPlatforms) = preSolution
		Debug|Any CPU = Debug|Any CPU
		Release|Any CPU = Release|Any CPU
	EndGlobalSection
	GlobalSection(ProjectConfigurationPlatforms) = postSolution
		{94ED62D8-747E-433B-A441-1A70DF4A6C68}.Debug|Any CPU.ActiveCfg = Debug|Any CPU
		{94ED62D8-747E-433B-A441-1A70DF4A6C68}.Debug|Any CPU.Build.0 = Debug|Any CPU
		{94ED62D8-747E-433B-A441-1A70DF4A6C68}.Release|Any CPU.ActiveCfg = Release|Any CPU
		{94ED62D8-747E-433B-A441-1A70DF4A6C68}.Release|Any CPU.Build.0 = Release|Any CPU
		{5F2B32C2-304D-4D71-AD51-E01126EBB02D}.Debug|Any CPU.ActiveCfg = Debug|Any CPU
		{5F2B32C2-304D-4D71-AD51-E01126EBB02D}.Debug|Any CPU.Build.0 = Debug|Any CPU
		{5F2B32C2-304D-4D71-AD51-E01126EBB02D}.Release|Any CPU.ActiveCfg = Release|Any CPU
		{5F2B32C2-304D-4D71-AD51-E01126EBB02D}.Release|Any CPU.Build.0 = Release|Any CPU
		{0432657E-FE37-4925-8269-B225929AC037}.Debug|Any CPU.ActiveCfg = Debug|Any CPU
		{0432657E-FE37-4925-8269-B225929AC037}.Debug|Any CPU.Build.0 = Debug|Any CPU
		{0432657E-FE37-4925-8269-B225929AC037}.Release|Any CPU.ActiveCfg = Release|Any CPU
		{0432657E-FE37-4925-8269-B225929AC037}.Release|Any CPU.Build.0 = Release|Any CPU
	EndGlobalSection
	GlobalSection(SolutionProperties) = preSolution
		HideSolutionNode = FALSE
	EndGlobalSection
	GlobalSection(ExtensibilityGlobals) = postSolution
		SolutionGuid = {F5F7012E-58F4-43CE-978E-BBFF7F030CA4}
	EndGlobalSection
EndGlobal
